
Microsoft Visual Studio Solution File, Format Version 12.00
# Visual Studio Version 17
VisualStudioVersion = 17.6.33815.320
MinimumVisualStudioVersion = 10.0.40219.1
Project("{FAE04EC0-301F-11D3-BF4B-00C04F79EFBC}") = "testApp", "testApp\testApp.csproj", "{FF3467D6-6341-4B85-A851-9E0B373ECC7B}"
EndProject
Global
	GlobalSection(SolutionConfigurationPlatforms) = preSolution
		Debug|Any CPU = Debug|Any CPU
		Release|Any CPU = Release|Any CPU
	EndGlobalSection
	GlobalSection(ProjectConfigurationPlatforms) = postSolution
		{FF3467D6-6341-4B85-A851-9E0B373ECC7B}.Debug|Any CPU.ActiveCfg = Debug|Any CPU
		{FF3467D6-6341-4B85-A851-9E0B373ECC7B}.Debug|Any CPU.Build.0 = Debug|Any CPU
		{FF3467D6-6341-4B85-A851-9E0B373ECC7B}.Release|Any CPU.ActiveCfg = Release|Any CPU
		{FF3467D6-6341-4B85-A851-9E0B373ECC7B}.Release|Any CPU.Build.0 = Release|Any CPU
	EndGlobalSection
	GlobalSection(SolutionProperties) = preSolution
		HideSolutionNode = FALSE
	EndGlobalSection
	GlobalSection(ExtensibilityGlobals) = postSolution
		SolutionGuid = {19AE07D6-0337-47A9-9A32-74F0F45D7B26}
	EndGlobalSection
EndGlobal
